# THIS IS AN AUTOGENERATED FILE. DO NOT EDIT THIS FILE DIRECTLY.
# yarn lockfile v1


"@next/env@14.2.25":
  version "14.2.25"
  resolved "https://registry.yarnpkg.com/@next/env/-/env-14.2.25.tgz#936d10b967e103e49a4bcea1e97292d5605278dd"

"@next/swc-darwin-arm64@14.2.25":
  version "14.2.25"
  resolved "https://registry.yarnpkg.com/@next/swc-darwin-arm64/-/swc-darwin-arm64-14.2.25.tgz#7bcccfda0c0ff045c45fbe34c491b7368e373e3d"

"@next/swc-darwin-x64@14.2.25":
  version "14.2.25"
  resolved "https://registry.yarnpkg.com/@next/swc-darwin-x64/-/swc-darwin-x64-14.2.25.tgz#b489e209d7b405260b73f69a38186ed150fb7a08"

"@next/swc-linux-arm64-gnu@14.2.25":
  version "14.2.25"
  resolved "https://registry.yarnpkg.com/@next/swc-linux-arm64-gnu/-/swc-linux-arm64-gnu-14.2.25.tgz#ba064fabfdce0190d9859493d8232fffa84ef2e2"

"@next/swc-linux-arm64-musl@14.2.25":
  version "14.2.25"
  resolved "https://registry.yarnpkg.com/@next/swc-linux-arm64-musl/-/swc-linux-arm64-musl-14.2.25.tgz#bf0018267e4e0fbfa1524750321f8cae855144a3"

"@next/swc-linux-x64-gnu@14.2.25":
  version "14.2.25"
  resolved "https://registry.yarnpkg.com/@next/swc-linux-x64-gnu/-/swc-linux-x64-gnu-14.2.25.tgz#64f5a6016a7148297ee80542e0fd788418a32472"

"@next/swc-linux-x64-musl@14.2.25":
  version "14.2.25"
  resolved "https://registry.yarnpkg.com/@next/swc-linux-x64-musl/-/swc-linux-x64-musl-14.2.25.tgz#58dc636d7c55828478159546f7b95ab1e902301c"

"@next/swc-win32-arm64-msvc@14.2.25":
  version "14.2.25"
  resolved "https://registry.yarnpkg.com/@next/swc-win32-arm64-msvc/-/swc-win32-arm64-msvc-14.2.25.tgz#93562d447c799bded1e89c1a62d5195a2a8c6c0d"

"@next/swc-win32-ia32-msvc@14.2.25":
  version "14.2.25"
  resolved "https://registry.yarnpkg.com/@next/swc-win32-ia32-msvc/-/swc-win32-ia32-msvc-14.2.25.tgz#ad85a33466be1f41d083211ea21adc0d2c6e6554"

"@next/swc-win32-x64-msvc@14.2.25":
  version "14.2.25"
  resolved "https://registry.yarnpkg.com/@next/swc-win32-x64-msvc/-/swc-win32-x64-msvc-14.2.25.tgz#3969c66609e683ec63a6a9f320a855f7be686a08"

"@prisma/client@^4.3.1":
  version "4.3.1"
  resolved "https://registry.npmjs.org/@prisma/client/-/client-4.3.1.tgz"
  dependencies:
    "@prisma/engines-version" "4.3.0-32.c875e43600dfe042452e0b868f7a48b817b9640b"

"@prisma/engines-version@4.3.0-32.c875e43600dfe042452e0b868f7a48b817b9640b":
  version "4.3.0-32.c875e43600dfe042452e0b868f7a48b817b9640b"
  resolved "https://registry.npmjs.org/@prisma/engines-version/-/engines-version-4.3.0-32.c875e43600dfe042452e0b868f7a48b817b9640b.tgz"

"@prisma/engines@4.3.1":
  version "4.3.1"
  resolved "https://registry.npmjs.org/@prisma/engines/-/engines-4.3.1.tgz"

"@swc/counter@^0.1.3":
  version "0.1.3"
  resolved "https://registry.yarnpkg.com/@swc/counter/-/counter-0.1.3.tgz#cc7463bd02949611c6329596fccd2b0ec782b0e9"

"@swc/helpers@0.5.5":
  version "0.5.5"
  resolved "https://registry.yarnpkg.com/@swc/helpers/-/helpers-0.5.5.tgz#12689df71bfc9b21c4f4ca00ae55f2f16c8b77c0"
  dependencies:
    "@swc/counter" "^0.1.3"
    tslib "^2.4.0"

"@types/debug@^4.0.0":
  version "4.1.7"
  resolved "https://registry.npmjs.org/@types/debug/-/debug-4.1.7.tgz"
  dependencies:
    "@types/ms" "*"

"@types/hast@^2.0.0":
  version "2.3.4"
  resolved "https://registry.npmjs.org/@types/hast/-/hast-2.3.4.tgz"
  dependencies:
    "@types/unist" "*"

"@types/mdast@^3.0.0":
  version "3.0.3"
  resolved "https://registry.npmjs.org/@types/mdast/-/mdast-3.0.3.tgz"
  dependencies:
    "@types/unist" "*"

"@types/mdurl@^1.0.0":
  version "1.0.2"
  resolved "https://registry.npmjs.org/@types/mdurl/-/mdurl-1.0.2.tgz"

"@types/ms@*":
  version "0.7.31"
  resolved "https://registry.npmjs.org/@types/ms/-/ms-0.7.31.tgz"

"@types/node@17.0.14":
  version "17.0.14"
  resolved "https://registry.npmjs.org/@types/node/-/node-17.0.14.tgz"

"@types/prop-types@*":
  version "15.7.3"
  resolved "https://registry.npmjs.org/@types/prop-types/-/prop-types-15.7.3.tgz"

"@types/react@17.0.38":
  version "17.0.38"
  resolved "https://registry.npmjs.org/@types/react/-/react-17.0.38.tgz"
  dependencies:
    "@types/prop-types" "*"
    "@types/scheduler" "*"
    csstype "^3.0.2"

"@types/scheduler@*":
  version "0.16.2"
  resolved "https://registry.npmjs.org/@types/scheduler/-/scheduler-0.16.2.tgz"

"@types/unist@*", "@types/unist@^2.0.0":
  version "2.0.3"
  resolved "https://registry.npmjs.org/@types/unist/-/unist-2.0.3.tgz"

bail@^2.0.0:
  version "2.0.2"
  resolved "https://registry.npmjs.org/bail/-/bail-2.0.2.tgz"

busboy@1.6.0:
  version "1.6.0"
  resolved "https://registry.yarnpkg.com/busboy/-/busboy-1.6.0.tgz#966ea36a9502e43cdb9146962523b92f531f6893"
  dependencies:
    streamsearch "^1.1.0"

caniuse-lite@^1.0.30001579:
  version "1.0.30001707"
  resolved "https://registry.yarnpkg.com/caniuse-lite/-/caniuse-lite-1.0.30001707.tgz#c5e104d199e6f4355a898fcd995a066c7eb9bf41"

character-entities@^2.0.0:
  version "2.0.1"
  resolved "https://registry.npmjs.org/character-entities/-/character-entities-2.0.1.tgz"

client-only@0.0.1:
  version "0.0.1"
  resolved "https://registry.yarnpkg.com/client-only/-/client-only-0.0.1.tgz#38bba5d403c41ab150bff64a95c85013cf73bca1"

comma-separated-tokens@^2.0.0:
  version "2.0.2"
  resolved "https://registry.npmjs.org/comma-separated-tokens/-/comma-separated-tokens-2.0.2.tgz"

csstype@^3.0.2:
  version "3.0.5"
  resolved "https://registry.npmjs.org/csstype/-/csstype-3.0.5.tgz"

debug@^4.0.0:
  version "4.3.1"
  resolved "https://registry.npmjs.org/debug/-/debug-4.3.1.tgz"
  dependencies:
    ms "2.1.2"

decode-named-character-reference@^1.0.0:
  version "1.0.1"
  resolved "https://registry.npmjs.org/decode-named-character-reference/-/decode-named-character-reference-1.0.1.tgz"
  dependencies:
    character-entities "^2.0.0"

dequal@^2.0.0:
  version "2.0.2"
  resolved "https://registry.npmjs.org/dequal/-/dequal-2.0.2.tgz"

diff@^5.0.0:
  version "5.0.0"
  resolved "https://registry.npmjs.org/diff/-/diff-5.0.0.tgz"

extend@^3.0.0:
  version "3.0.2"
  resolved "https://registry.npmjs.org/extend/-/extend-3.0.2.tgz"

graceful-fs@^4.2.11:
  version "4.2.11"
  resolved "https://registry.yarnpkg.com/graceful-fs/-/graceful-fs-4.2.11.tgz#4183e4e8bf08bb6e05bbb2f7d2e0c8f712ca40e3"

hast-util-whitespace@^2.0.0:
  version "2.0.0"
  resolved "https://registry.npmjs.org/hast-util-whitespace/-/hast-util-whitespace-2.0.0.tgz"

inline-style-parser@0.1.1:
  version "0.1.1"
  resolved "https://registry.npmjs.org/inline-style-parser/-/inline-style-parser-0.1.1.tgz"

is-buffer@^2.0.0:
  version "2.0.5"
  resolved "https://registry.npmjs.org/is-buffer/-/is-buffer-2.0.5.tgz"

is-plain-obj@^4.0.0:
  version "4.0.0"
  resolved "https://registry.npmjs.org/is-plain-obj/-/is-plain-obj-4.0.0.tgz"

"js-tokens@^3.0.0 || ^4.0.0":
  version "4.0.0"
  resolved "https://registry.npmjs.org/js-tokens/-/js-tokens-4.0.0.tgz"

kleur@^4.0.3:
  version "4.1.4"
  resolved "https://registry.npmjs.org/kleur/-/kleur-4.1.4.tgz"

loose-envify@^1.1.0, loose-envify@^1.4.0:
  version "1.4.0"
  resolved "https://registry.npmjs.org/loose-envify/-/loose-envify-1.4.0.tgz"
  dependencies:
    js-tokens "^3.0.0 || ^4.0.0"

mdast-util-definitions@^5.0.0:
  version "5.1.0"
  resolved "https://registry.npmjs.org/mdast-util-definitions/-/mdast-util-definitions-5.1.0.tgz"
  dependencies:
    "@types/mdast" "^3.0.0"
    "@types/unist" "^2.0.0"
    unist-util-visit "^3.0.0"

mdast-util-from-markdown@^1.0.0:
  version "1.2.0"
  resolved "https://registry.npmjs.org/mdast-util-from-markdown/-/mdast-util-from-markdown-1.2.0.tgz"
  dependencies:
    "@types/mdast" "^3.0.0"
    "@types/unist" "^2.0.0"
    decode-named-character-reference "^1.0.0"
    mdast-util-to-string "^3.1.0"
    micromark "^3.0.0"
    micromark-util-decode-numeric-character-reference "^1.0.0"
    micromark-util-decode-string "^1.0.0"
    micromark-util-normalize-identifier "^1.0.0"
    micromark-util-symbol "^1.0.0"
    micromark-util-types "^1.0.0"
    unist-util-stringify-position "^3.0.0"
    uvu "^0.5.0"

mdast-util-to-hast@^12.1.0:
  version "12.1.1"
  resolved "https://registry.npmjs.org/mdast-util-to-hast/-/mdast-util-to-hast-12.1.1.tgz"
  dependencies:
    "@types/hast" "^2.0.0"
    "@types/mdast" "^3.0.0"
    "@types/mdurl" "^1.0.0"
    mdast-util-definitions "^5.0.0"
    mdurl "^1.0.0"
    micromark-util-sanitize-uri "^1.0.0"
    unist-builder "^3.0.0"
    unist-util-generated "^2.0.0"
    unist-util-position "^4.0.0"
    unist-util-visit "^4.0.0"

mdast-util-to-string@^3.1.0:
  version "3.1.0"
  resolved "https://registry.npmjs.org/mdast-util-to-string/-/mdast-util-to-string-3.1.0.tgz"

mdurl@^1.0.0:
  version "1.0.1"
  resolved "https://registry.npmjs.org/mdurl/-/mdurl-1.0.1.tgz"

micromark-core-commonmark@^1.0.1:
  version "1.0.6"
  resolved "https://registry.npmjs.org/micromark-core-commonmark/-/micromark-core-commonmark-1.0.6.tgz"
  dependencies:
    decode-named-character-reference "^1.0.0"
    micromark-factory-destination "^1.0.0"
    micromark-factory-label "^1.0.0"
    micromark-factory-space "^1.0.0"
    micromark-factory-title "^1.0.0"
    micromark-factory-whitespace "^1.0.0"
    micromark-util-character "^1.0.0"
    micromark-util-chunked "^1.0.0"
    micromark-util-classify-character "^1.0.0"
    micromark-util-html-tag-name "^1.0.0"
    micromark-util-normalize-identifier "^1.0.0"
    micromark-util-resolve-all "^1.0.0"
    micromark-util-subtokenize "^1.0.0"
    micromark-util-symbol "^1.0.0"
    micromark-util-types "^1.0.1"
    uvu "^0.5.0"

micromark-factory-destination@^1.0.0:
  version "1.0.0"
  resolved "https://registry.npmjs.org/micromark-factory-destination/-/micromark-factory-destination-1.0.0.tgz"
  dependencies:
    micromark-util-character "^1.0.0"
    micromark-util-symbol "^1.0.0"
    micromark-util-types "^1.0.0"

micromark-factory-label@^1.0.0:
  version "1.0.2"
  resolved "https://registry.npmjs.org/micromark-factory-label/-/micromark-factory-label-1.0.2.tgz"
  dependencies:
    micromark-util-character "^1.0.0"
    micromark-util-symbol "^1.0.0"
    micromark-util-types "^1.0.0"
    uvu "^0.5.0"

micromark-factory-space@^1.0.0:
  version "1.0.0"
  resolved "https://registry.npmjs.org/micromark-factory-space/-/micromark-factory-space-1.0.0.tgz"
  dependencies:
    micromark-util-character "^1.0.0"
    micromark-util-types "^1.0.0"

micromark-factory-title@^1.0.0:
  version "1.0.2"
  resolved "https://registry.npmjs.org/micromark-factory-title/-/micromark-factory-title-1.0.2.tgz"
  dependencies:
    micromark-factory-space "^1.0.0"
    micromark-util-character "^1.0.0"
    micromark-util-symbol "^1.0.0"
    micromark-util-types "^1.0.0"
    uvu "^0.5.0"

micromark-factory-whitespace@^1.0.0:
  version "1.0.0"
  resolved "https://registry.npmjs.org/micromark-factory-whitespace/-/micromark-factory-whitespace-1.0.0.tgz"
  dependencies:
    micromark-factory-space "^1.0.0"
    micromark-util-character "^1.0.0"
    micromark-util-symbol "^1.0.0"
    micromark-util-types "^1.0.0"

micromark-util-character@^1.0.0:
  version "1.1.0"
  resolved "https://registry.npmjs.org/micromark-util-character/-/micromark-util-character-1.1.0.tgz"
  dependencies:
    micromark-util-symbol "^1.0.0"
    micromark-util-types "^1.0.0"

micromark-util-chunked@^1.0.0:
  version "1.0.0"
  resolved "https://registry.npmjs.org/micromark-util-chunked/-/micromark-util-chunked-1.0.0.tgz"
  dependencies:
    micromark-util-symbol "^1.0.0"

micromark-util-classify-character@^1.0.0:
  version "1.0.0"
  resolved "https://registry.npmjs.org/micromark-util-classify-character/-/micromark-util-classify-character-1.0.0.tgz"
  dependencies:
    micromark-util-character "^1.0.0"
    micromark-util-symbol "^1.0.0"
    micromark-util-types "^1.0.0"

micromark-util-combine-extensions@^1.0.0:
  version "1.0.0"
  resolved "https://registry.npmjs.org/micromark-util-combine-extensions/-/micromark-util-combine-extensions-1.0.0.tgz"
  dependencies:
    micromark-util-chunked "^1.0.0"
    micromark-util-types "^1.0.0"

micromark-util-decode-numeric-character-reference@^1.0.0:
  version "1.0.0"
  resolved "https://registry.npmjs.org/micromark-util-decode-numeric-character-reference/-/micromark-util-decode-numeric-character-reference-1.0.0.tgz"
  dependencies:
    micromark-util-symbol "^1.0.0"

micromark-util-decode-string@^1.0.0:
  version "1.0.2"
  resolved "https://registry.npmjs.org/micromark-util-decode-string/-/micromark-util-decode-string-1.0.2.tgz"
  dependencies:
    decode-named-character-reference "^1.0.0"
    micromark-util-character "^1.0.0"
    micromark-util-decode-numeric-character-reference "^1.0.0"
    micromark-util-symbol "^1.0.0"

micromark-util-encode@^1.0.0:
  version "1.0.1"
  resolved "https://registry.npmjs.org/micromark-util-encode/-/micromark-util-encode-1.0.1.tgz"

micromark-util-html-tag-name@^1.0.0:
  version "1.0.0"
  resolved "https://registry.npmjs.org/micromark-util-html-tag-name/-/micromark-util-html-tag-name-1.0.0.tgz"

micromark-util-normalize-identifier@^1.0.0:
  version "1.0.0"
  resolved "https://registry.npmjs.org/micromark-util-normalize-identifier/-/micromark-util-normalize-identifier-1.0.0.tgz"
  dependencies:
    micromark-util-symbol "^1.0.0"

micromark-util-resolve-all@^1.0.0:
  version "1.0.0"
  resolved "https://registry.npmjs.org/micromark-util-resolve-all/-/micromark-util-resolve-all-1.0.0.tgz"
  dependencies:
    micromark-util-types "^1.0.0"

micromark-util-sanitize-uri@^1.0.0:
  version "1.0.0"
  resolved "https://registry.npmjs.org/micromark-util-sanitize-uri/-/micromark-util-sanitize-uri-1.0.0.tgz"
  dependencies:
    micromark-util-character "^1.0.0"
    micromark-util-encode "^1.0.0"
    micromark-util-symbol "^1.0.0"

micromark-util-subtokenize@^1.0.0:
  version "1.0.2"
  resolved "https://registry.npmjs.org/micromark-util-subtokenize/-/micromark-util-subtokenize-1.0.2.tgz"
  dependencies:
    micromark-util-chunked "^1.0.0"
    micromark-util-symbol "^1.0.0"
    micromark-util-types "^1.0.0"
    uvu "^0.5.0"

micromark-util-symbol@^1.0.0:
  version "1.0.1"
  resolved "https://registry.npmjs.org/micromark-util-symbol/-/micromark-util-symbol-1.0.1.tgz"

micromark-util-types@^1.0.0, micromark-util-types@^1.0.1:
  version "1.0.2"
  resolved "https://registry.npmjs.org/micromark-util-types/-/micromark-util-types-1.0.2.tgz"

micromark@^3.0.0:
  version "3.0.10"
  resolved "https://registry.npmjs.org/micromark/-/micromark-3.0.10.tgz"
  dependencies:
    "@types/debug" "^4.0.0"
    debug "^4.0.0"
    decode-named-character-reference "^1.0.0"
    micromark-core-commonmark "^1.0.1"
    micromark-factory-space "^1.0.0"
    micromark-util-character "^1.0.0"
    micromark-util-chunked "^1.0.0"
    micromark-util-combine-extensions "^1.0.0"
    micromark-util-decode-numeric-character-reference "^1.0.0"
    micromark-util-encode "^1.0.0"
    micromark-util-normalize-identifier "^1.0.0"
    micromark-util-resolve-all "^1.0.0"
    micromark-util-sanitize-uri "^1.0.0"
    micromark-util-subtokenize "^1.0.0"
    micromark-util-symbol "^1.0.0"
    micromark-util-types "^1.0.1"
    uvu "^0.5.0"

mri@^1.1.0:
  version "1.2.0"
  resolved "https://registry.npmjs.org/mri/-/mri-1.2.0.tgz"

ms@2.1.2:
  version "2.1.2"
  resolved "https://registry.npmjs.org/ms/-/ms-2.1.2.tgz"

nanoid@^3.3.6:
  version "3.3.11"
  resolved "https://registry.yarnpkg.com/nanoid/-/nanoid-3.3.11.tgz#4f4f112cefbe303202f2199838128936266d185b"

next@14.2.25:
  version "14.2.25"
  resolved "https://registry.yarnpkg.com/next/-/next-14.2.25.tgz#0657551fde6a97f697cf9870e9ccbdaa465c6008"
  dependencies:
    "@next/env" "14.2.25"
    "@swc/helpers" "0.5.5"
    busboy "1.6.0"
    caniuse-lite "^1.0.30001579"
    graceful-fs "^4.2.11"
    postcss "8.4.31"
    styled-jsx "5.1.1"
  optionalDependencies:
    "@next/swc-darwin-arm64" "14.2.25"
    "@next/swc-darwin-x64" "14.2.25"
    "@next/swc-linux-arm64-gnu" "14.2.25"
    "@next/swc-linux-arm64-musl" "14.2.25"
    "@next/swc-linux-x64-gnu" "14.2.25"
    "@next/swc-linux-x64-musl" "14.2.25"
    "@next/swc-win32-arm64-msvc" "14.2.25"
    "@next/swc-win32-ia32-msvc" "14.2.25"
    "@next/swc-win32-x64-msvc" "14.2.25"

object-assign@^4.1.1:
  version "4.1.1"
  resolved "https://registry.npmjs.org/object-assign/-/object-assign-4.1.1.tgz"

picocolors@^1.0.0:
  version "1.0.0"
  resolved "https://registry.npmjs.org/picocolors/-/picocolors-1.0.0.tgz"

postcss@8.4.31:
  version "8.4.31"
  resolved "https://registry.yarnpkg.com/postcss/-/postcss-8.4.31.tgz#92b451050a9f914da6755af352bdc0192508656d"
  dependencies:
    nanoid "^3.3.6"
    picocolors "^1.0.0"
    source-map-js "^1.0.2"

prisma@^4.3.1:
  version "4.3.1"
  resolved "https://registry.npmjs.org/prisma/-/prisma-4.3.1.tgz"
  dependencies:
    "@prisma/engines" "4.3.1"

prop-types@^15.0.0:
  version "15.8.1"
  resolved "https://registry.npmjs.org/prop-types/-/prop-types-15.8.1.tgz"
  dependencies:
    loose-envify "^1.4.0"
    object-assign "^4.1.1"
    react-is "^16.13.1"

property-information@^6.0.0:
  version "6.1.1"
  resolved "https://registry.npmjs.org/property-information/-/property-information-6.1.1.tgz"

react-dom@17.0.2:
  version "17.0.2"
  resolved "https://registry.npmjs.org/react-dom/-/react-dom-17.0.2.tgz"
  dependencies:
    loose-envify "^1.1.0"
    object-assign "^4.1.1"
    scheduler "^0.20.2"

react-is@^16.13.1:
  version "16.13.1"
  resolved "https://registry.npmjs.org/react-is/-/react-is-16.13.1.tgz"

react-is@^17.0.0:
  version "17.0.2"
  resolved "https://registry.npmjs.org/react-is/-/react-is-17.0.2.tgz"

react-markdown@8.0.0:
  version "8.0.0"
  resolved "https://registry.npmjs.org/react-markdown/-/react-markdown-8.0.0.tgz"
  dependencies:
    "@types/hast" "^2.0.0"
    "@types/unist" "^2.0.0"
    comma-separated-tokens "^2.0.0"
    hast-util-whitespace "^2.0.0"
    prop-types "^15.0.0"
    property-information "^6.0.0"
    react-is "^17.0.0"
    remark-parse "^10.0.0"
    remark-rehype "^10.0.0"
    space-separated-tokens "^2.0.0"
    style-to-object "^0.3.0"
    unified "^10.0.0"
    unist-util-visit "^4.0.0"
    vfile "^5.0.0"

react@17.0.2:
  version "17.0.2"
  resolved "https://registry.npmjs.org/react/-/react-17.0.2.tgz"
  dependencies:
    loose-envify "^1.1.0"
    object-assign "^4.1.1"

remark-parse@^10.0.0:
  version "10.0.1"
  resolved "https://registry.npmjs.org/remark-parse/-/remark-parse-10.0.1.tgz"
  dependencies:
    "@types/mdast" "^3.0.0"
    mdast-util-from-markdown "^1.0.0"
    unified "^10.0.0"

remark-rehype@^10.0.0:
  version "10.1.0"
  resolved "https://registry.npmjs.org/remark-rehype/-/remark-rehype-10.1.0.tgz"
  dependencies:
    "@types/hast" "^2.0.0"
    "@types/mdast" "^3.0.0"
    mdast-util-to-hast "^12.1.0"
    unified "^10.0.0"

sade@^1.7.3:
  version "1.8.1"
  resolved "https://registry.npmjs.org/sade/-/sade-1.8.1.tgz"
  dependencies:
    mri "^1.1.0"

scheduler@^0.20.2:
  version "0.20.2"
  resolved "https://registry.npmjs.org/scheduler/-/scheduler-0.20.2.tgz"
  dependencies:
    loose-envify "^1.1.0"
    object-assign "^4.1.1"

source-map-js@^1.0.2:
  version "1.2.1"
  resolved "https://registry.yarnpkg.com/source-map-js/-/source-map-js-1.2.1.tgz#1ce5650fddd87abc099eda37dcff024c2667ae46"

space-separated-tokens@^2.0.0:
  version "2.0.1"
  resolved "https://registry.npmjs.org/space-separated-tokens/-/space-separated-tokens-2.0.1.tgz"

streamsearch@^1.1.0:
  version "1.1.0"
  resolved "https://registry.yarnpkg.com/streamsearch/-/streamsearch-1.1.0.tgz#404dd1e2247ca94af554e841a8ef0eaa238da764"

style-to-object@^0.3.0:
  version "0.3.0"
  resolved "https://registry.npmjs.org/style-to-object/-/style-to-object-0.3.0.tgz"
  dependencies:
    inline-style-parser "0.1.1"

styled-jsx@5.1.1:
  version "5.1.1"
  resolved "https://registry.yarnpkg.com/styled-jsx/-/styled-jsx-5.1.1.tgz#839a1c3aaacc4e735fed0781b8619ea5d0009d1f"
  dependencies:
    client-only "0.0.1"

trough@^2.0.0:
  version "2.0.2"
  resolved "https://registry.npmjs.org/trough/-/trough-2.0.2.tgz"

tslib@^2.4.0:
  version "2.8.1"
  resolved "https://registry.yarnpkg.com/tslib/-/tslib-2.8.1.tgz#612efe4ed235d567e8aba5f2a5fab70280ade83f"

typescript@4.5.5:
  version "4.5.5"
  resolved "https://registry.npmjs.org/typescript/-/typescript-4.5.5.tgz"

unified@^10.0.0:
  version "10.1.1"
  resolved "https://registry.npmjs.org/unified/-/unified-10.1.1.tgz"
  dependencies:
    "@types/unist" "^2.0.0"
    bail "^2.0.0"
    extend "^3.0.0"
    is-buffer "^2.0.0"
    is-plain-obj "^4.0.0"
    trough "^2.0.0"
    vfile "^5.0.0"

unist-builder@^3.0.0:
  version "3.0.0"
  resolved "https://registry.npmjs.org/unist-builder/-/unist-builder-3.0.0.tgz"
  dependencies:
    "@types/unist" "^2.0.0"

unist-util-generated@^2.0.0:
  version "2.0.0"
  resolved "https://registry.npmjs.org/unist-util-generated/-/unist-util-generated-2.0.0.tgz"

unist-util-is@^5.0.0:
  version "5.1.1"
  resolved "https://registry.npmjs.org/unist-util-is/-/unist-util-is-5.1.1.tgz"

unist-util-position@^4.0.0:
  version "4.0.1"
  resolved "https://registry.npmjs.org/unist-util-position/-/unist-util-position-4.0.1.tgz"

unist-util-stringify-position@^3.0.0:
  version "3.0.0"
  resolved "https://registry.npmjs.org/unist-util-stringify-position/-/unist-util-stringify-position-3.0.0.tgz"
  dependencies:
    "@types/unist" "^2.0.0"

unist-util-visit-parents@^4.0.0:
  version "4.1.1"
  resolved "https://registry.npmjs.org/unist-util-visit-parents/-/unist-util-visit-parents-4.1.1.tgz"
  dependencies:
    "@types/unist" "^2.0.0"
    unist-util-is "^5.0.0"

unist-util-visit-parents@^5.0.0:
  version "5.1.0"
  resolved "https://registry.npmjs.org/unist-util-visit-parents/-/unist-util-visit-parents-5.1.0.tgz"
  dependencies:
    "@types/unist" "^2.0.0"
    unist-util-is "^5.0.0"

unist-util-visit@^3.0.0:
  version "3.1.0"
  resolved "https://registry.npmjs.org/unist-util-visit/-/unist-util-visit-3.1.0.tgz"
  dependencies:
    "@types/unist" "^2.0.0"
    unist-util-is "^5.0.0"
    unist-util-visit-parents "^4.0.0"

unist-util-visit@^4.0.0:
  version "4.1.0"
  resolved "https://registry.npmjs.org/unist-util-visit/-/unist-util-visit-4.1.0.tgz"
  dependencies:
    "@types/unist" "^2.0.0"
    unist-util-is "^5.0.0"
    unist-util-visit-parents "^5.0.0"

uvu@^0.5.0:
  version "0.5.3"
  resolved "https://registry.npmjs.org/uvu/-/uvu-0.5.3.tgz"
  dependencies:
    dequal "^2.0.0"
    diff "^5.0.0"
    kleur "^4.0.3"
    sade "^1.7.3"

vfile-message@^3.0.0:
  version "3.1.0"
  resolved "https://registry.npmjs.org/vfile-message/-/vfile-message-3.1.0.tgz"
  dependencies:
    "@types/unist" "^2.0.0"
    unist-util-stringify-position "^3.0.0"

vfile@^5.0.0:
  version "5.3.0"
  resolved "https://registry.npmjs.org/vfile/-/vfile-5.3.0.tgz"
  dependencies:
    "@types/unist" "^2.0.0"
    is-buffer "^2.0.0"
    unist-util-stringify-position "^3.0.0"
    vfile-message "^3.0.0"
